
Microsoft Visual Studio Solution File, Format Version 12.00
# Visual Studio 15
VisualStudioVersion = 15.0.28307.779
MinimumVisualStudioVersion = 10.0.40219.1
Project("{FAE04EC0-301F-11D3-BF4B-00C04F79EFBC}") = "RayTracingFirst", "RayTracingFirst\RayTracingFirst.csproj", "{B2BE5B49-91A7-4203-B1A0-54BC329471DF}"
EndProject
Global
	GlobalSection(SolutionConfigurationPlatforms) = preSolution
		Debug|Any CPU = Debug|Any CPU
		Release|Any CPU = Release|Any CPU
	EndGlobalSection
	GlobalSection(ProjectConfigurationPlatforms) = postSolution
		{B2BE5B49-91A7-4203-B1A0-54BC329471DF}.Debug|Any CPU.ActiveCfg = Debug|Any CPU
		{B2BE5B49-91A7-4203-B1A0-54BC329471DF}.Debug|Any CPU.Build.0 = Debug|Any CPU
		{B2BE5B49-91A7-4203-B1A0-54BC329471DF}.Release|Any CPU.ActiveCfg = Release|Any CPU
		{B2BE5B49-91A7-4203-B1A0-54BC329471DF}.Release|Any CPU.Build.0 = Release|Any CPU
	EndGlobalSection
	GlobalSection(SolutionProperties) = preSolution
		HideSolutionNode = FALSE
	EndGlobalSection
	GlobalSection(ExtensibilityGlobals) = postSolution
		SolutionGuid = {DC397522-9FB3-4778-97B1-11B409EE1C2B}
	EndGlobalSection
EndGlobal
